{
  "name": "jsTs",
  "lockfileVersion": 3,
  "requires": true,
  "packages": {
    "": {
      "dependencies": {
        "@types/intro.js": "^5.1.3"
      }
    },
    "node_modules/@types/intro.js": {
      "version": "5.1.3",
      "resolved": "https://registry.npmjs.org/@types/intro.js/-/intro.js-5.1.3.tgz",
      "integrity": "sha512-Xp4LBjfuKGwIVaiBAFC8Zs68VCLZvMCuig1v9WIwmsmYLVhKfgN8N7Y0lZPE/FIgNM2FXyAGyxx/e4P0cMlp+g=="
    }
  }
}
